
Microsoft Visual Studio Solution File, Format Version 12.00
# Visual Studio Version 16
VisualStudioVersion = 16.0.29215.179
MinimumVisualStudioVersion = 10.0.40219.1
Project("{FAE04EC0-301F-11D3-BF4B-00C04F79EFBC}") = "yxiong1730ex1b", "yxiong1730ex1b\yxiong1730ex1b.csproj", "{309D8638-B157-42D0-B2F7-92FECF08A3F6}"
EndProject
Project("{FAE04EC0-301F-11D3-BF4B-00C04F79EFBC}") = "yxiong1730ex1c", "yxiong1730ex1c\yxiong1730ex1c.csproj", "{7FEDD85F-5BE2-4AF1-A2B7-25A45F0A15BB}"
EndProject
Project("{FAE04EC0-301F-11D3-BF4B-00C04F79EFBC}") = "yxiong1730ex1d", "yxiong1730ex1d\yxiong1730ex1d.csproj", "{46CE7B46-F6A5-4645-B325-CE1C3DB84B6A}"
EndProject
Project("{FAE04EC0-301F-11D3-BF4B-00C04F79EFBC}") = "yxiong1730ex1e", "yxiong1730ex1e\yxiong1730ex1e.csproj", "{D1CC0E0F-9939-4940-B307-A69CA7DB7C36}"
EndProject
Project("{FAE04EC0-301F-11D3-BF4B-00C04F79EFBC}") = "yxiong1730ex1f", "yxiong1730ex1f\yxiong1730ex1f.csproj", "{E40F0B53-F0BF-4F6B-B167-9ADBFD7C1019}"
EndProject
Project("{FAE04EC0-301F-11D3-BF4B-00C04F79EFBC}") = "yxiong1730ex1g", "yxiong1730ex1g\yxiong1730ex1g.csproj", "{C18BDB6F-0808-400F-9EFC-0ECB0114522D}"
EndProject
Project("{FAE04EC0-301F-11D3-BF4B-00C04F79EFBC}") = "yxiong1730ex2b", "yxiong1730ex2b\yxiong1730ex2b.csproj", "{9A9C6587-638E-4E83-9BC8-7FB9941032E9}"
EndProject
Project("{FAE04EC0-301F-11D3-BF4B-00C04F79EFBC}") = "yxiong1730ex2c", "yxiong1730ex2c\yxiong1730ex2c.csproj", "{8C36618C-4A70-4015-87E3-FE10546EFF5F}"
EndProject
Project("{FAE04EC0-301F-11D3-BF4B-00C04F79EFBC}") = "yxiong1730ex2d", "yxiong1730ex2d\yxiong1730ex2d.csproj", "{069FD68E-2A8D-455F-9565-9E268300D8E5}"
EndProject
Project("{FAE04EC0-301F-11D3-BF4B-00C04F79EFBC}") = "yxiong1730ex2e", "yxiong1730ex2e\yxiong1730ex2e.csproj", "{D3C39A5B-7F41-4DAD-847B-278F5AF245C1}"
EndProject
Project("{FAE04EC0-301F-11D3-BF4B-00C04F79EFBC}") = "yxiong1730ex2eTest", "yxiong1730ex2eTest\yxiong1730ex2eTest.csproj", "{4A909B63-8A71-4502-ACD1-C629924265E3}"
EndProject
Global
	GlobalSection(SolutionConfigurationPlatforms) = preSolution
		Debug|Any CPU = Debug|Any CPU
		Release|Any CPU = Release|Any CPU
	EndGlobalSection
	GlobalSection(ProjectConfigurationPlatforms) = postSolution
		{309D8638-B157-42D0-B2F7-92FECF08A3F6}.Debug|Any CPU.ActiveCfg = Debug|Any CPU
		{309D8638-B157-42D0-B2F7-92FECF08A3F6}.Debug|Any CPU.Build.0 = Debug|Any CPU
		{309D8638-B157-42D0-B2F7-92FECF08A3F6}.Release|Any CPU.ActiveCfg = Release|Any CPU
		{309D8638-B157-42D0-B2F7-92FECF08A3F6}.Release|Any CPU.Build.0 = Release|Any CPU
		{7FEDD85F-5BE2-4AF1-A2B7-25A45F0A15BB}.Debug|Any CPU.ActiveCfg = Debug|Any CPU
		{7FEDD85F-5BE2-4AF1-A2B7-25A45F0A15BB}.Debug|Any CPU.Build.0 = Debug|Any CPU
		{7FEDD85F-5BE2-4AF1-A2B7-25A45F0A15BB}.Release|Any CPU.ActiveCfg = Release|Any CPU
		{7FEDD85F-5BE2-4AF1-A2B7-25A45F0A15BB}.Release|Any CPU.Build.0 = Release|Any CPU
		{46CE7B46-F6A5-4645-B325-CE1C3DB84B6A}.Debug|Any CPU.ActiveCfg = Debug|Any CPU
		{46CE7B46-F6A5-4645-B325-CE1C3DB84B6A}.Debug|Any CPU.Build.0 = Debug|Any CPU
		{46CE7B46-F6A5-4645-B325-CE1C3DB84B6A}.Release|Any CPU.ActiveCfg = Release|Any CPU
		{46CE7B46-F6A5-4645-B325-CE1C3DB84B6A}.Release|Any CPU.Build.0 = Release|Any CPU
		{D1CC0E0F-9939-4940-B307-A69CA7DB7C36}.Debug|Any CPU.ActiveCfg = Debug|Any CPU
		{D1CC0E0F-9939-4940-B307-A69CA7DB7C36}.Debug|Any CPU.Build.0 = Debug|Any CPU
		{D1CC0E0F-9939-4940-B307-A69CA7DB7C36}.Release|Any CPU.ActiveCfg = Release|Any CPU
		{D1CC0E0F-9939-4940-B307-A69CA7DB7C36}.Release|Any CPU.Build.0 = Release|Any CPU
		{E40F0B53-F0BF-4F6B-B167-9ADBFD7C1019}.Debug|Any CPU.ActiveCfg = Debug|Any CPU
		{E40F0B53-F0BF-4F6B-B167-9ADBFD7C1019}.Debug|Any CPU.Build.0 = Debug|Any CPU
		{E40F0B53-F0BF-4F6B-B167-9ADBFD7C1019}.Release|Any CPU.ActiveCfg = Release|Any CPU
		{E40F0B53-F0BF-4F6B-B167-9ADBFD7C1019}.Release|Any CPU.Build.0 = Release|Any CPU
		{C18BDB6F-0808-400F-9EFC-0ECB0114522D}.Debug|Any CPU.ActiveCfg = Debug|Any CPU
		{C18BDB6F-0808-400F-9EFC-0ECB0114522D}.Debug|Any CPU.Build.0 = Debug|Any CPU
		{C18BDB6F-0808-400F-9EFC-0ECB0114522D}.Release|Any CPU.ActiveCfg = Release|Any CPU
		{C18BDB6F-0808-400F-9EFC-0ECB0114522D}.Release|Any CPU.Build.0 = Release|Any CPU
		{9A9C6587-638E-4E83-9BC8-7FB9941032E9}.Debug|Any CPU.ActiveCfg = Debug|Any CPU
		{9A9C6587-638E-4E83-9BC8-7FB9941032E9}.Debug|Any CPU.Build.0 = Debug|Any CPU
		{9A9C6587-638E-4E83-9BC8-7FB9941032E9}.Release|Any CPU.ActiveCfg = Release|Any CPU
		{9A9C6587-638E-4E83-9BC8-7FB9941032E9}.Release|Any CPU.Build.0 = Release|Any CPU
		{8C36618C-4A70-4015-87E3-FE10546EFF5F}.Debug|Any CPU.ActiveCfg = Debug|Any CPU
		{8C36618C-4A70-4015-87E3-FE10546EFF5F}.Debug|Any CPU.Build.0 = Debug|Any CPU
		{8C36618C-4A70-4015-87E3-FE10546EFF5F}.Release|Any CPU.ActiveCfg = Release|Any CPU
		{8C36618C-4A70-4015-87E3-FE10546EFF5F}.Release|Any CPU.Build.0 = Release|Any CPU
		{069FD68E-2A8D-455F-9565-9E268300D8E5}.Debug|Any CPU.ActiveCfg = Debug|Any CPU
		{069FD68E-2A8D-455F-9565-9E268300D8E5}.Debug|Any CPU.Build.0 = Debug|Any CPU
		{069FD68E-2A8D-455F-9565-9E268300D8E5}.Release|Any CPU.ActiveCfg = Release|Any CPU
		{069FD68E-2A8D-455F-9565-9E268300D8E5}.Release|Any CPU.Build.0 = Release|Any CPU
		{D3C39A5B-7F41-4DAD-847B-278F5AF245C1}.Debug|Any CPU.ActiveCfg = Debug|Any CPU
		{D3C39A5B-7F41-4DAD-847B-278F5AF245C1}.Debug|Any CPU.Build.0 = Debug|Any CPU
		{D3C39A5B-7F41-4DAD-847B-278F5AF245C1}.Release|Any CPU.ActiveCfg = Release|Any CPU
		{D3C39A5B-7F41-4DAD-847B-278F5AF245C1}.Release|Any CPU.Build.0 = Release|Any CPU
		{4A909B63-8A71-4502-ACD1-C629924265E3}.Debug|Any CPU.ActiveCfg = Debug|Any CPU
		{4A909B63-8A71-4502-ACD1-C629924265E3}.Debug|Any CPU.Build.0 = Debug|Any CPU
		{4A909B63-8A71-4502-ACD1-C629924265E3}.Release|Any CPU.ActiveCfg = Release|Any CPU
		{4A909B63-8A71-4502-ACD1-C629924265E3}.Release|Any CPU.Build.0 = Release|Any CPU
	EndGlobalSection
	GlobalSection(SolutionProperties) = preSolution
		HideSolutionNode = FALSE
	EndGlobalSection
	GlobalSection(ExtensibilityGlobals) = postSolution
		SolutionGuid = {63E15A62-2741-4CD8-B6A4-236618FA42D8}
	EndGlobalSection
EndGlobal
