
Microsoft Visual Studio Solution File, Format Version 12.00
# Visual Studio Version 16
VisualStudioVersion = 16.0.29215.179
MinimumVisualStudioVersion = 10.0.40219.1
Project("{FAE04EC0-301F-11D3-BF4B-00C04F79EFBC}") = "yxiong1730ex1b", "yxiong1730ex1b\yxiong1730ex1b.csproj", "{309D8638-B157-42D0-B2F7-92FECF08A3F6}"
EndProject
Project("{FAE04EC0-301F-11D3-BF4B-00C04F79EFBC}") = "yxiong1730ex1c", "yxiong1730ex1c\yxiong1730ex1c.csproj", "{7FEDD85F-5BE2-4AF1-A2B7-25A45F0A15BB}"
EndProject
Project("{FAE04EC0-301F-11D3-BF4B-00C04F79EFBC}") = "yxiong1730ex1d", "yxiong1730ex1d\yxiong1730ex1d.csproj", "{46CE7B46-F6A5-4645-B325-CE1C3DB84B6A}"
EndProject
Project("{FAE04EC0-301F-11D3-BF4B-00C04F79EFBC}") = "yxiong1730ex1e", "yxiong1730ex1e\yxiong1730ex1e.csproj", "{D1CC0E0F-9939-4940-B307-A69CA7DB7C36}"
EndProject
Project("{FAE04EC0-301F-11D3-BF4B-00C04F79EFBC}") = "yxiong1730ex1f", "yxiong1730ex1f\yxiong1730ex1f.csproj", "{E40F0B53-F0BF-4F6B-B167-9ADBFD7C1019}"
EndProject
Global
	GlobalSection(SolutionConfigurationPlatforms) = preSolution
		Debug|Any CPU = Debug|Any CPU
		Release|Any CPU = Release|Any CPU
	EndGlobalSection
	GlobalSection(ProjectConfigurationPlatforms) = postSolution
		{309D8638-B157-42D0-B2F7-92FECF08A3F6}.Debug|Any CPU.ActiveCfg = Debug|Any CPU
		{309D8638-B157-42D0-B2F7-92FECF08A3F6}.Debug|Any CPU.Build.0 = Debug|Any CPU
		{309D8638-B157-42D0-B2F7-92FECF08A3F6}.Release|Any CPU.ActiveCfg = Release|Any CPU
		{309D8638-B157-42D0-B2F7-92FECF08A3F6}.Release|Any CPU.Build.0 = Release|Any CPU
		{7FEDD85F-5BE2-4AF1-A2B7-25A45F0A15BB}.Debug|Any CPU.ActiveCfg = Debug|Any CPU
		{7FEDD85F-5BE2-4AF1-A2B7-25A45F0A15BB}.Debug|Any CPU.Build.0 = Debug|Any CPU
		{7FEDD85F-5BE2-4AF1-A2B7-25A45F0A15BB}.Release|Any CPU.ActiveCfg = Release|Any CPU
		{7FEDD85F-5BE2-4AF1-A2B7-25A45F0A15BB}.Release|Any CPU.Build.0 = Release|Any CPU
		{46CE7B46-F6A5-4645-B325-CE1C3DB84B6A}.Debug|Any CPU.ActiveCfg = Debug|Any CPU
		{46CE7B46-F6A5-4645-B325-CE1C3DB84B6A}.Debug|Any CPU.Build.0 = Debug|Any CPU
		{46CE7B46-F6A5-4645-B325-CE1C3DB84B6A}.Release|Any CPU.ActiveCfg = Release|Any CPU
		{46CE7B46-F6A5-4645-B325-CE1C3DB84B6A}.Release|Any CPU.Build.0 = Release|Any CPU
		{D1CC0E0F-9939-4940-B307-A69CA7DB7C36}.Debug|Any CPU.ActiveCfg = Debug|Any CPU
		{D1CC0E0F-9939-4940-B307-A69CA7DB7C36}.Debug|Any CPU.Build.0 = Debug|Any CPU
		{D1CC0E0F-9939-4940-B307-A69CA7DB7C36}.Release|Any CPU.ActiveCfg = Release|Any CPU
		{D1CC0E0F-9939-4940-B307-A69CA7DB7C36}.Release|Any CPU.Build.0 = Release|Any CPU
		{E40F0B53-F0BF-4F6B-B167-9ADBFD7C1019}.Debug|Any CPU.ActiveCfg = Debug|Any CPU
		{E40F0B53-F0BF-4F6B-B167-9ADBFD7C1019}.Debug|Any CPU.Build.0 = Debug|Any CPU
		{E40F0B53-F0BF-4F6B-B167-9ADBFD7C1019}.Release|Any CPU.ActiveCfg = Release|Any CPU
		{E40F0B53-F0BF-4F6B-B167-9ADBFD7C1019}.Release|Any CPU.Build.0 = Release|Any CPU
	EndGlobalSection
	GlobalSection(SolutionProperties) = preSolution
		HideSolutionNode = FALSE
	EndGlobalSection
	GlobalSection(ExtensibilityGlobals) = postSolution
		SolutionGuid = {63E15A62-2741-4CD8-B6A4-236618FA42D8}
	EndGlobalSection
EndGlobal
