
Microsoft Visual Studio Solution File, Format Version 12.00
# Visual Studio Version 16
VisualStudioVersion = 16.0.29306.81
MinimumVisualStudioVersion = 10.0.40219.1
Project("{FAE04EC0-301F-11D3-BF4B-00C04F79EFBC}") = "yxiong1730ex1e", "yxiong1730ex1e\yxiong1730ex1e.csproj", "{3ABA2B70-9F56-4BDE-952F-289DD2399035}"
EndProject
Global
	GlobalSection(SolutionConfigurationPlatforms) = preSolution
		Debug|Any CPU = Debug|Any CPU
		Release|Any CPU = Release|Any CPU
	EndGlobalSection
	GlobalSection(ProjectConfigurationPlatforms) = postSolution
		{3ABA2B70-9F56-4BDE-952F-289DD2399035}.Debug|Any CPU.ActiveCfg = Debug|Any CPU
		{3ABA2B70-9F56-4BDE-952F-289DD2399035}.Debug|Any CPU.Build.0 = Debug|Any CPU
		{3ABA2B70-9F56-4BDE-952F-289DD2399035}.Release|Any CPU.ActiveCfg = Release|Any CPU
		{3ABA2B70-9F56-4BDE-952F-289DD2399035}.Release|Any CPU.Build.0 = Release|Any CPU
	EndGlobalSection
	GlobalSection(SolutionProperties) = preSolution
		HideSolutionNode = FALSE
	EndGlobalSection
	GlobalSection(ExtensibilityGlobals) = postSolution
		SolutionGuid = {2538D203-2E93-4AEE-87FA-8440425094FA}
	EndGlobalSection
EndGlobal
